
Microsoft Visual Studio Solution File, Format Version 12.00
# Visual Studio 15
VisualStudioVersion = 15.0.27703.2018
MinimumVisualStudioVersion = 10.0.40219.1
Project("{9A19103F-16F7-4668-BE54-9A1E7A4F7556}") = "AutomationFramework.Config", "AutomationFramework.Config\AutomationFramework.Config.csproj", "{A537CBE6-3C16-489F-98E0-6D64253FA3A6}"
EndProject
Project("{9A19103F-16F7-4668-BE54-9A1E7A4F7556}") = "AutomationFramework.Driver", "AutomationFramework.Driver\AutomationFramework.Driver.csproj", "{30D9B613-6F07-4504-AD56-FBB6F1DF6781}"
EndProject
Project("{9A19103F-16F7-4668-BE54-9A1E7A4F7556}") = "AutomationFramework.PageObjects", "AutomationFramework.PageObjects\AutomationFramework.PageObjects.csproj", "{C8DB9091-1579-4460-826D-D45D6B431B42}"
EndProject
Project("{9A19103F-16F7-4668-BE54-9A1E7A4F7556}") = "AutomationFramework.UiTesting", "AutomationFramework.UiTesting\AutomationFramework.UiTesting.csproj", "{B04627B4-8583-4FC3-9B6B-A5376B1725FC}"
EndProject
Project("{9A19103F-16F7-4668-BE54-9A1E7A4F7556}") = "AutomationFramework.SampleTestsNetCore", "AutomationFramework.SampleTestsNetCore\AutomationFramework.SampleTestsNetCore.csproj", "{F742CC67-A172-4062-818A-880BBEBF338A}"
EndProject
Project("{9A19103F-16F7-4668-BE54-9A1E7A4F7556}") = "AutomationFramework.SamplePages", "AutomationFramework.SamplePages\AutomationFramework.SamplePages.csproj", "{01402720-9016-456E-AF6F-14D3CB47EAC1}"
EndProject
Global
	GlobalSection(SolutionConfigurationPlatforms) = preSolution
		Debug|Any CPU = Debug|Any CPU
		Release|Any CPU = Release|Any CPU
	EndGlobalSection
	GlobalSection(ProjectConfigurationPlatforms) = postSolution
		{A537CBE6-3C16-489F-98E0-6D64253FA3A6}.Debug|Any CPU.ActiveCfg = Debug|Any CPU
		{A537CBE6-3C16-489F-98E0-6D64253FA3A6}.Debug|Any CPU.Build.0 = Debug|Any CPU
		{A537CBE6-3C16-489F-98E0-6D64253FA3A6}.Release|Any CPU.ActiveCfg = Release|Any CPU
		{A537CBE6-3C16-489F-98E0-6D64253FA3A6}.Release|Any CPU.Build.0 = Release|Any CPU
		{30D9B613-6F07-4504-AD56-FBB6F1DF6781}.Debug|Any CPU.ActiveCfg = Debug|Any CPU
		{30D9B613-6F07-4504-AD56-FBB6F1DF6781}.Debug|Any CPU.Build.0 = Debug|Any CPU
		{30D9B613-6F07-4504-AD56-FBB6F1DF6781}.Release|Any CPU.ActiveCfg = Release|Any CPU
		{30D9B613-6F07-4504-AD56-FBB6F1DF6781}.Release|Any CPU.Build.0 = Release|Any CPU
		{C8DB9091-1579-4460-826D-D45D6B431B42}.Debug|Any CPU.ActiveCfg = Debug|Any CPU
		{C8DB9091-1579-4460-826D-D45D6B431B42}.Debug|Any CPU.Build.0 = Debug|Any CPU
		{C8DB9091-1579-4460-826D-D45D6B431B42}.Release|Any CPU.ActiveCfg = Release|Any CPU
		{C8DB9091-1579-4460-826D-D45D6B431B42}.Release|Any CPU.Build.0 = Release|Any CPU
		{B04627B4-8583-4FC3-9B6B-A5376B1725FC}.Debug|Any CPU.ActiveCfg = Debug|Any CPU
		{B04627B4-8583-4FC3-9B6B-A5376B1725FC}.Debug|Any CPU.Build.0 = Debug|Any CPU
		{B04627B4-8583-4FC3-9B6B-A5376B1725FC}.Release|Any CPU.ActiveCfg = Release|Any CPU
		{B04627B4-8583-4FC3-9B6B-A5376B1725FC}.Release|Any CPU.Build.0 = Release|Any CPU
		{F742CC67-A172-4062-818A-880BBEBF338A}.Debug|Any CPU.ActiveCfg = Debug|Any CPU
		{F742CC67-A172-4062-818A-880BBEBF338A}.Debug|Any CPU.Build.0 = Debug|Any CPU
		{F742CC67-A172-4062-818A-880BBEBF338A}.Release|Any CPU.ActiveCfg = Release|Any CPU
		{F742CC67-A172-4062-818A-880BBEBF338A}.Release|Any CPU.Build.0 = Release|Any CPU
		{01402720-9016-456E-AF6F-14D3CB47EAC1}.Debug|Any CPU.ActiveCfg = Debug|Any CPU
		{01402720-9016-456E-AF6F-14D3CB47EAC1}.Debug|Any CPU.Build.0 = Debug|Any CPU
		{01402720-9016-456E-AF6F-14D3CB47EAC1}.Release|Any CPU.ActiveCfg = Release|Any CPU
		{01402720-9016-456E-AF6F-14D3CB47EAC1}.Release|Any CPU.Build.0 = Release|Any CPU
	EndGlobalSection
	GlobalSection(SolutionProperties) = preSolution
		HideSolutionNode = FALSE
	EndGlobalSection
	GlobalSection(ExtensibilityGlobals) = postSolution
		SolutionGuid = {EF40C72B-998A-4347-94CA-12A6943ABF69}
	EndGlobalSection
EndGlobal
